
Microsoft Visual Studio Solution File, Format Version 12.00
# Visual Studio Version 16
VisualStudioVersion = 16.0.30114.105
MinimumVisualStudioVersion = 10.0.40219.1
Project("{2150E333-8FDC-42A3-9474-1A3956D46DE8}") = "src", "src", "{9A2A2125-3996-45EE-8273-14FB35E841F0}"
EndProject
Project("{FAE04EC0-301F-11D3-BF4B-00C04F79EFBC}") = "MyApplication", "src\MyApplication\MyApplication.csproj", "{2C2C18A4-B6BE-4D43-A4D5-48E52478138C}"
EndProject
Project("{FAE04EC0-301F-11D3-BF4B-00C04F79EFBC}") = "ThirdPartyApi", "src\ThirdPartyApi\ThirdPartyApi.csproj", "{303E5C1B-E86B-46D6-8CB9-A94DA2EFFE18}"
EndProject
Global
	GlobalSection(SolutionConfigurationPlatforms) = preSolution
		Debug|Any CPU = Debug|Any CPU
		Debug|x64 = Debug|x64
		Debug|x86 = Debug|x86
		Release|Any CPU = Release|Any CPU
		Release|x64 = Release|x64
		Release|x86 = Release|x86
	EndGlobalSection
	GlobalSection(SolutionProperties) = preSolution
		HideSolutionNode = FALSE
	EndGlobalSection
	GlobalSection(ProjectConfigurationPlatforms) = postSolution
		{2C2C18A4-B6BE-4D43-A4D5-48E52478138C}.Debug|Any CPU.ActiveCfg = Debug|Any CPU
		{2C2C18A4-B6BE-4D43-A4D5-48E52478138C}.Debug|Any CPU.Build.0 = Debug|Any CPU
		{2C2C18A4-B6BE-4D43-A4D5-48E52478138C}.Debug|x64.ActiveCfg = Debug|Any CPU
		{2C2C18A4-B6BE-4D43-A4D5-48E52478138C}.Debug|x64.Build.0 = Debug|Any CPU
		{2C2C18A4-B6BE-4D43-A4D5-48E52478138C}.Debug|x86.ActiveCfg = Debug|Any CPU
		{2C2C18A4-B6BE-4D43-A4D5-48E52478138C}.Debug|x86.Build.0 = Debug|Any CPU
		{2C2C18A4-B6BE-4D43-A4D5-48E52478138C}.Release|Any CPU.ActiveCfg = Release|Any CPU
		{2C2C18A4-B6BE-4D43-A4D5-48E52478138C}.Release|Any CPU.Build.0 = Release|Any CPU
		{2C2C18A4-B6BE-4D43-A4D5-48E52478138C}.Release|x64.ActiveCfg = Release|Any CPU
		{2C2C18A4-B6BE-4D43-A4D5-48E52478138C}.Release|x64.Build.0 = Release|Any CPU
		{2C2C18A4-B6BE-4D43-A4D5-48E52478138C}.Release|x86.ActiveCfg = Release|Any CPU
		{2C2C18A4-B6BE-4D43-A4D5-48E52478138C}.Release|x86.Build.0 = Release|Any CPU
		{303E5C1B-E86B-46D6-8CB9-A94DA2EFFE18}.Debug|Any CPU.ActiveCfg = Debug|Any CPU
		{303E5C1B-E86B-46D6-8CB9-A94DA2EFFE18}.Debug|Any CPU.Build.0 = Debug|Any CPU
		{303E5C1B-E86B-46D6-8CB9-A94DA2EFFE18}.Debug|x64.ActiveCfg = Debug|Any CPU
		{303E5C1B-E86B-46D6-8CB9-A94DA2EFFE18}.Debug|x64.Build.0 = Debug|Any CPU
		{303E5C1B-E86B-46D6-8CB9-A94DA2EFFE18}.Debug|x86.ActiveCfg = Debug|Any CPU
		{303E5C1B-E86B-46D6-8CB9-A94DA2EFFE18}.Debug|x86.Build.0 = Debug|Any CPU
		{303E5C1B-E86B-46D6-8CB9-A94DA2EFFE18}.Release|Any CPU.ActiveCfg = Release|Any CPU
		{303E5C1B-E86B-46D6-8CB9-A94DA2EFFE18}.Release|Any CPU.Build.0 = Release|Any CPU
		{303E5C1B-E86B-46D6-8CB9-A94DA2EFFE18}.Release|x64.ActiveCfg = Release|Any CPU
		{303E5C1B-E86B-46D6-8CB9-A94DA2EFFE18}.Release|x64.Build.0 = Release|Any CPU
		{303E5C1B-E86B-46D6-8CB9-A94DA2EFFE18}.Release|x86.ActiveCfg = Release|Any CPU
		{303E5C1B-E86B-46D6-8CB9-A94DA2EFFE18}.Release|x86.Build.0 = Release|Any CPU
	EndGlobalSection
	GlobalSection(NestedProjects) = preSolution
		{2C2C18A4-B6BE-4D43-A4D5-48E52478138C} = {9A2A2125-3996-45EE-8273-14FB35E841F0}
		{303E5C1B-E86B-46D6-8CB9-A94DA2EFFE18} = {9A2A2125-3996-45EE-8273-14FB35E841F0}
	EndGlobalSection
EndGlobal
